
Microsoft Visual Studio Solution File, Format Version 12.00
# Visual Studio Version 16
VisualStudioVersion = 16.0.31729.503
MinimumVisualStudioVersion = 10.0.40219.1
Project("{FAE04EC0-301F-11D3-BF4B-00C04F79EFBC}") = "unity-lesson-cshapandfunckion", "unity-lesson-cshapandfunckion\unity-lesson-cshapandfunckion.csproj", "{32AD35DA-1488-40B5-A0C8-98DD1F8986E9}"
EndProject
Project("{9A19103F-16F7-4668-BE54-9A1E7A4F7556}") = "unitty-lesson-class-object", "unitty-lesson-class-object\unitty-lesson-class-object.csproj", "{50B8C4DA-872E-4E93-8495-4BA2F2B420E5}"
EndProject
Project("{9A19103F-16F7-4668-BE54-9A1E7A4F7556}") = "unityclass_cshap_Variable_Function", "unityclass_cshap_Variable_Function\unityclass_cshap_Variable_Function.csproj", "{2F613ED9-3977-4B2A-BF23-4238D9EF4553}"
EndProject
Project("{9A19103F-16F7-4668-BE54-9A1E7A4F7556}") = "unity-lesson-cshap-staticexample", "unity-lesson-cshap-staticexample\unity-lesson-cshap-staticexample.csproj", "{1CDE8BD6-E353-4FAA-BB99-719BCFF045F0}"
EndProject
Project("{9A19103F-16F7-4668-BE54-9A1E7A4F7556}") = "unitylessson_Cshap_classexample", "unitylessson_Cshap_classexample\unitylessson_Cshap_classexample.csproj", "{36703183-C3A9-4001-AA4A-BEBC909D9788}"
EndProject
Project("{FAE04EC0-301F-11D3-BF4B-00C04F79EFBC}") = "Unity_lesson_Cshap_operator", "Unity_lesson_Cshap_operator\Unity_lesson_Cshap_operator.csproj", "{38F49104-44F0-48C7-801B-48C183D8A230}"
EndProject
Global
	GlobalSection(SolutionConfigurationPlatforms) = preSolution
		Debug|Any CPU = Debug|Any CPU
		Release|Any CPU = Release|Any CPU
	EndGlobalSection
	GlobalSection(ProjectConfigurationPlatforms) = postSolution
		{32AD35DA-1488-40B5-A0C8-98DD1F8986E9}.Debug|Any CPU.ActiveCfg = Debug|Any CPU
		{32AD35DA-1488-40B5-A0C8-98DD1F8986E9}.Debug|Any CPU.Build.0 = Debug|Any CPU
		{32AD35DA-1488-40B5-A0C8-98DD1F8986E9}.Release|Any CPU.ActiveCfg = Release|Any CPU
		{32AD35DA-1488-40B5-A0C8-98DD1F8986E9}.Release|Any CPU.Build.0 = Release|Any CPU
		{50B8C4DA-872E-4E93-8495-4BA2F2B420E5}.Debug|Any CPU.ActiveCfg = Debug|Any CPU
		{50B8C4DA-872E-4E93-8495-4BA2F2B420E5}.Debug|Any CPU.Build.0 = Debug|Any CPU
		{50B8C4DA-872E-4E93-8495-4BA2F2B420E5}.Release|Any CPU.ActiveCfg = Release|Any CPU
		{50B8C4DA-872E-4E93-8495-4BA2F2B420E5}.Release|Any CPU.Build.0 = Release|Any CPU
		{2F613ED9-3977-4B2A-BF23-4238D9EF4553}.Debug|Any CPU.ActiveCfg = Debug|Any CPU
		{2F613ED9-3977-4B2A-BF23-4238D9EF4553}.Debug|Any CPU.Build.0 = Debug|Any CPU
		{2F613ED9-3977-4B2A-BF23-4238D9EF4553}.Release|Any CPU.ActiveCfg = Release|Any CPU
		{2F613ED9-3977-4B2A-BF23-4238D9EF4553}.Release|Any CPU.Build.0 = Release|Any CPU
		{1CDE8BD6-E353-4FAA-BB99-719BCFF045F0}.Debug|Any CPU.ActiveCfg = Debug|Any CPU
		{1CDE8BD6-E353-4FAA-BB99-719BCFF045F0}.Debug|Any CPU.Build.0 = Debug|Any CPU
		{1CDE8BD6-E353-4FAA-BB99-719BCFF045F0}.Release|Any CPU.ActiveCfg = Release|Any CPU
		{1CDE8BD6-E353-4FAA-BB99-719BCFF045F0}.Release|Any CPU.Build.0 = Release|Any CPU
		{36703183-C3A9-4001-AA4A-BEBC909D9788}.Debug|Any CPU.ActiveCfg = Debug|Any CPU
		{36703183-C3A9-4001-AA4A-BEBC909D9788}.Debug|Any CPU.Build.0 = Debug|Any CPU
		{36703183-C3A9-4001-AA4A-BEBC909D9788}.Release|Any CPU.ActiveCfg = Release|Any CPU
		{36703183-C3A9-4001-AA4A-BEBC909D9788}.Release|Any CPU.Build.0 = Release|Any CPU
		{38F49104-44F0-48C7-801B-48C183D8A230}.Debug|Any CPU.ActiveCfg = Debug|Any CPU
		{38F49104-44F0-48C7-801B-48C183D8A230}.Debug|Any CPU.Build.0 = Debug|Any CPU
		{38F49104-44F0-48C7-801B-48C183D8A230}.Release|Any CPU.ActiveCfg = Release|Any CPU
		{38F49104-44F0-48C7-801B-48C183D8A230}.Release|Any CPU.Build.0 = Release|Any CPU
	EndGlobalSection
	GlobalSection(SolutionProperties) = preSolution
		HideSolutionNode = FALSE
	EndGlobalSection
	GlobalSection(ExtensibilityGlobals) = postSolution
		SolutionGuid = {93A13165-BDCD-403B-B862-FF894FF84469}
	EndGlobalSection
EndGlobal
